{
  "version": "5",
  "specifiers": {
    "npm:kysely@~0.27.6": "0.27.6"
  },
  "npm": {
    "kysely@0.27.6": {
      "integrity": "sha512-FIyV/64EkKhJmjgC0g2hygpBv5RNWVPyNCqSAD7eTCv6eFWNIi4PN1UvdSJGicN/o35bnevgis4Y0UDC0qi8jQ=="
    }
  },
  "workspace": {
    "dependencies": [
      "npm:kysely@~0.27.6"
    ]
  }
}
