{
  "version": "5",
  "specifiers": {
    "jsr:@std/assert@^1.0.19": "1.0.19",
    "jsr:@std/expect@^1.0.18": "1.0.18",
    "jsr:@std/internal@^1.0.12": "1.0.12",
    "jsr:@std/path@^1.1.4": "1.1.4",
    "jsr:@std/semver@^1.0.8": "1.0.8",
    "npm:kysely@~0.28.14": "0.28.14"
  },
  "jsr": {
    "@std/assert@1.0.19": {
      "integrity": "eaada96ee120cb980bc47e040f82814d786fe8162ecc53c91d8df60b8755991e",
      "dependencies": [
        "jsr:@std/internal"
      ]
    },
    "@std/expect@1.0.18": {
      "integrity": "8566eab35200466f8609eb7e7aed062ed0db314e9a258d5d201b1b8997ce801a",
      "dependencies": [
        "jsr:@std/assert",
        "jsr:@std/internal",
        "jsr:@std/path"
      ]
    },
    "@std/internal@1.0.12": {
      "integrity": "972a634fd5bc34b242024402972cd5143eac68d8dffaca5eaa4dba30ce17b027"
    },
    "@std/path@1.1.4": {
      "integrity": "1d2d43f39efb1b42f0b1882a25486647cb851481862dc7313390b2bb044314b5",
      "dependencies": [
        "jsr:@std/internal"
      ]
    },
    "@std/semver@1.0.8": {
      "integrity": "dc830e8b8b6a380c895d53fbfd1258dc253704ca57bbe1629ac65fd7830179b7"
    }
  },
  "npm": {
    "kysely@0.28.14": {
      "integrity": "sha512-SU3lgh0rPvq7upc6vvdVrCsSMUG1h3ChvHVOY7wJ2fw4C9QEB7X3d5eyYEyULUX7UQtxZJtZXGuT6U2US72UYA=="
    }
  },
  "workspace": {
    "dependencies": [
      "jsr:@std/expect@^1.0.18",
      "jsr:@std/semver@^1.0.8",
      "npm:kysely@~0.28.14"
    ]
  }
}
